[[package]]
name = "fastapi"
version = "0.100.0"
description = "FastAPI framework, high performance, easy to learn, fast to code, ready for production"
category = "main"
optional = false
python-versions = ">=3.7"
files = [
    {file = "fastapi-0.100.0-py3-none-any.whl", hash = "sha256:271662daf986da8fa98dc2b7c7f61c4abdfdccfb4786d79ed8b2878f172c6d5f"},
    {file = "fastapi-0.100.0.tar.gz", hash = "sha256:acb5f941ea8215663283c10018323ba7ea737c571b67fc7e88e9469c7eb1d12e"}
]

[package.dependencies]
pydantic = ">=1.7.4,<2.0.0"
starlette = ">=0.27.0,<0.28.0"

[package.extras]
all = ["email-validator (>=1.1.1)", "httpx (>=0.23.0)", "itsdangerous (>=1.1.0)", "jinja2 (>=2.11.2)", "orjson (>=3.2.1)", "python-multipart (>=0.0.5)", "pyyaml (>=5.3.1)", "ujson (>=4.0.1,!=4.0.2,!=4.1.0,!=4.2.0,!=4.3.0,!=5.0.0,!=5.1.0)", "uvicorn[standard] (>=0.12.0)"]

[[package]]
name = "uvicorn"
version = "0.23.0"
description = "The lightning-fast ASGI server."
category = "main"
optional = false
python-versions = ">=3.8"
files = [
    {file = "uvicorn-0.23.0-py3-none-any.whl", hash = "sha256:1f9be6558f01239d4fdf22ef8126c39cb1ad0addf76c40e760549d2c2f43ab53"},
    {file = "uvicorn-0.23.0.tar.gz", hash = "sha256:ef36d5970d63c3693c8b1b4763d0c8b2de78b39c3449dd0c9276bca75c7011c0"}
]

[package.dependencies]
click = ">=7.0"
h11 = ">=0.8"

[package.extras]
standard = ["colorama (>=0.4)", "httptools (>=0.5.0)", "python-dotenv (>=0.13)", "pyyaml (>=5.1)", "uvloop (>=0.14.0,!=0.15.0,!=0.15.1)", "watchfiles (>=0.13)", "websockets (>=10.4)"]

[[package]]
name = "langchain"
version = "0.0.235"
description = "Building applications with LLMs through composability"
category = "main"
optional = false
python-versions = ">=3.8.1,<4.0"
files = [
    {file = "langchain-0.0.235-py3-none-any.whl", hash = "sha256:9b53b8e95a5b8c4c6543e95518c83f3ab83e56e9f6cf05b1c5d9aaee1d8a0d0f"},
    {file = "langchain-0.0.235.tar.gz", hash = "sha256:0e8e6ec6b8f55a781f6877e5d8e6e3e0f8e17b3e0ac43b2e5ac97f9f1c6f341a"}
]

[package.dependencies]
PyYAML = ">=5.4.1"
SQLAlchemy = ">=1.4.0,<3"
aiohttp = ">=3.8.3,<4.0.0"
async-timeout = {version = ">=4.0.0,<5.0.0", python = "<3.11"}
dataclasses-json = ">=0.5.7,<0.6.0"
numexpr = ">=2.8.4,<3.0.0"
numpy = ">=1,<2"
openapi-schema-pydantic = ">=1.2,<2.0"
pydantic = ">=1,<2"
requests = ">=2,<3"
tenacity = ">=8.1.0,<9.0.0"

[package.extras]
all = ["anthropic", "azure-core", "azure-identity", "clarifai", "cohere", "docarray", "elasticsearch", "google-api-python-client", "google-auth", "google-search-results", "gptcache", "html2text", "huggingface_hub", "jina", "jq", "manifest-ml", "networkx", "nlpcloud", "nomic", "openai", "pinecone-client", "qdrant-client", "redis", "sentence-transformers", "tensorflow-text", "tigrisdb", "torch", "transformers", "weaviate-client"]

[[package]]
name = "pydantic"
version = "1.10.11"
description = "Data validation using Python type hints"
category = "main"
optional = false
python-versions = ">=3.7"
files = [
    {file = "pydantic-1.10.11-cp37-cp37m-macosx_10_9_x86_64.whl", hash = "sha256:8fb2aa3ab3728d950bcc885a2e9eff6c8fc40bc0b7bb434e555c215491bcf48b"},
    {file = "pydantic-1.10.11-cp37-cp37m-manylinux_2_17_x86_64.manylinux2014_x86_64.whl", hash = "sha256:8c32b6bba301490d9bb2bf5f631907803135e8085b6aa3e5fe5a770d46dd0160"}
]

[package.dependencies]
typing-extensions = ">=4.2.0"

[package.extras]
dotenv = ["python-dotenv (>=0.10.4)"]
email = ["email-validator (>=1.0.3)"]

[[package]]
name = "redis"
version = "4.6.0"
description = "Python client for Redis database and key-value store"
category = "main"
optional = false
python-versions = ">=3.7"
files = [
    {file = "redis-4.6.0-py3-none-any.whl", hash = "sha256:e2b03db868160ee4591de3cb90d40ebb50a90dd302138775937f6a42b7ed183c"},
    {file = "redis-4.6.0.tar.gz", hash = "sha256:585dc516b9eb042a619ef0a39c3d7d55fe81bdb4df09a52c9cdde0d07bf1aa7d"}
]

[package.dependencies]
async-timeout = {version = ">=4.0.2", python = "<3.11"}

[package.extras]
hiredis = ["hiredis (>=1.0.0)"]
ocsp = ["cryptography (>=36.0.1)", "pyopenssl (==20.0.1)", "requests (>=2.26.0)"]

[[package]]
name = "openai"
version = "0.27.8"
description = "Python client library for the OpenAI API"
category = "main"
optional = false
python-versions = ">=3.7.1"
files = [
    {file = "openai-0.27.8-py3-none-any.whl", hash = "sha256:e0a35cd063e18dc824fa0b48d4e51a6782e41647a249888b8e6fb6d997db3c40"},
    {file = "openai-0.27.8.tar.gz", hash = "sha256:2483095c7db1eee274cebac79e315a986c4e55207bb4fa7b82d185b3a2ed9536"}
]

[package.dependencies]
aiohttp = "*"
requests = ">=2.20"
tqdm = "*"

[[package]]
name = "prometheus-fastapi-instrumentator"
version = "5.9.0"
description = "Instrument your FastAPI with Prometheus metrics"
category = "main"
optional = false
python-versions = ">=3.7"
files = [
    {file = "prometheus-fastapi-instrumentator-5.9.0.tar.gz", hash = "sha256:4547f4e433dda5f1e5e1b08d7a2c6ec9a4fc71d5e1f7d4c3eb7f71c2be3c0f0f"},
    {file = "prometheus_fastapi_instrumentator-5.9.0-py3-none-any.whl", hash = "sha256:e7ed3bfb4d4d7c0684f1c4f57f2e18c1c5f5c291c09f7ca15f24d3f8f4a57f8e"}
]

[package.dependencies]
fastapi = ">=0.38.1"
prometheus-client = ">=0.8.0"

[[package]]
name = "python-jose"
version = "3.3.0"
description = "JOSE implementation in Python"
category = "main"
optional = false
python-versions = "*"
files = [
    {file = "python-jose-3.3.0.tar.gz", hash = "sha256:55779b5e6ad599c6336191246e95eb2293a9ddebd555f796a65f838f07e5d78a"},
    {file = "python_jose-3.3.0-py2.py3-none-any.whl", hash = "sha256:9b1376b023f8b298536eedd47ae1089bcdb848f1535ab30555cd92002d78923a"}
]

[package.dependencies]
ecdsa = "!=0.15"
pyasn1 = "*"
rsa = "*"

[package.extras]
cryptography = ["cryptography (>=3.4.0)"]
pycrypto = ["pycrypto (>=2.6.0,<2.7.0)"]
pycryptodome = ["pycryptodome (>=3.3.1,<4.0.0)"]

[[package]]
name = "httpx"
version = "0.24.1"
description = "The next generation HTTP client."
category = "main"
optional = false
python-versions = ">=3.7"
files = [
    {file = "httpx-0.24.1-py3-none-any.whl", hash = "sha256:06781eb9ac53cde990577af654bd990a4949de37a28bdb4a230d434f3a30b9bd"},
    {file = "httpx-0.24.1.tar.gz", hash = "sha256:5853a43053df830c20f8110c5e69fe44d035d850b2dfe795e196f00fdb774bdd"}
]

[package.dependencies]
certifi = "*"
httpcore = ">=0.15.0,<0.18.0"
idna = "*"
sniffio = "*"

[package.extras]
brotli = ["brotli", "brotlicffi"]
cli = ["click (>=8.0.0)", "pygments (>=2.0.0)", "rich (>=10,<14)"]
http2 = ["h2 (>=3,<5)"]
socks = ["socksio (>=1.0.0)"]

[build-system]
requires = ["poetry-core>=1.0.0"]
build-backend = "poetry.core.masonry.api"

[metadata]
lock-version = "2.0"
python-versions = "^3.11"
content-hash = "e3b0c44298fc1c149afbf4c8996fb92427ae41e4649b934ca495991b7852b855"

[metadata.files]
# Development dependencies
[[package]]
name = "pytest"
version = "7.4.0"
description = "pytest: simple powerful testing with Python"
category = "dev"

[[package]]
name = "black"
version = "23.7.0"
description = "The uncompromising code formatter."
category = "dev"

[[package]]
name = "isort"
version = "5.12.0"
description = "A Python utility / library to sort Python imports."
category = "dev"

[[package]]
name = "mypy"
version = "1.4.1"
description = "Optional static typing for Python"
category = "dev"

[[package]]
name = "pytest-cov"
version = "4.1.0"
description = "Pytest plugin for measuring coverage."
category = "dev"

[[package]]
name = "pytest-asyncio"
version = "0.21.1"
description = "Pytest support for asyncio."
category = "dev"